// !$*UTF8*$!
{
	archiveVersion = 1;
	classes = {
	};
	objectVersion = 56;
	objects = {

/* Begin PBXBuildFile section */
		4BE0F8D32BBC7F7A00557A80 /* AppDelegate.swift in Sources */ = {isa = PBXBuildFile; fileRef = 4BE0F8D22BBC7F7A00557A80 /* AppDelegate.swift */; };
		4BE0F8D52BBC7F7A00557A80 /* SceneDelegate.swift in Sources */ = {isa = PBXBuildFile; fileRef = 4BE0F8D42BBC7F7A00557A80 /* SceneDelegate.swift */; };
		4BE0F8D72BBC7F7A00557A80 /* ViewController.swift in Sources */ = {isa = PBXBuildFile; fileRef = 4BE0F8D62BBC7F7A00557A80 /* ViewController.swift */; };
		4BE0F8DC2BBC7F7D00557A80 /* Assets.xcassets in Resources */ = {isa = PBXBuildFile; fileRef = 4BE0F8DB2BBC7F7D00557A80 /* Assets.xcassets */; };
		4BE0F8DF2BBC7F7D00557A80 /* LaunchScreen.storyboard in Resources */ = {isa = PBXBuildFile; fileRef = 4BE0F8DD2BBC7F7D00557A80 /* LaunchScreen.storyboard */; };
		4BE0F8EA2BBC7F7E00557A80 /* TestProjectTests.swift in Sources */ = {isa = PBXBuildFile; fileRef = 4BE0F8E92BBC7F7E00557A80 /* TestProjectTests.swift */; };
		4BE0F8F42BBC7F7E00557A80 /* TestProjectUITests.swift in Sources */ = {isa = PBXBuildFile; fileRef = 4BE0F8F32BBC7F7E00557A80 /* TestProjectUITests.swift */; };
		4BE0F8F62BBC7F7E00557A80 /* TestProjectUITestsLaunchTests.swift in Sources */ = {isa = PBXBuildFile; fileRef = 4BE0F8F52BBC7F7E00557A80 /* TestProjectUITestsLaunchTests.swift */; };
		4BE0F9032BBC8A6900557A80 /* LoginViewController.swift in Sources */ = {isa = PBXBuildFile; fileRef = 4BE0F9022BBC8A6900557A80 /* LoginViewController.swift */; };
/* End PBXBuildFile section */

/* Begin PBXContainerItemProxy section */
		4BE0F8E62BBC7F7E00557A80 /* PBXContainerItemProxy */ = {
			isa = PBXContainerItemProxy;
			containerPortal = 4BE0F8C72BBC7F7A00557A80 /* Project object */;
			proxyType = 1;
			remoteGlobalIDString = 4BE0F8CE2BBC7F7A00557A80;
			remoteInfo = TestProject;
		};
		4BE0F8F02BBC7F7E00557A80 /* PBXContainerItemProxy */ = {
			isa = PBXContainerItemProxy;
			containerPortal = 4BE0F8C72BBC7F7A00557A80 /* Project object */;
			proxyType = 1;
			remoteGlobalIDString = 4BE0F8CE2BBC7F7A00557A80;
			remoteInfo = TestProject;
		};
/* End PBXContainerItemProxy section */

/* Begin PBXFileReference section */
		4BE0F8CF2BBC7F7A00557A80 /* TestProject.app */ = {isa = PBXFileReference; explicitFileType = wrapper.application; includeInIndex = 0; path = TestProject.app; sourceTree = BUILT_PRODUCTS_DIR; };
		4BE0F8D22BBC7F7A00557A80 /* AppDelegate.swift */ = {isa = PBXFileReference; lastKnownFileType = sourcecode.swift; path = AppDelegate.swift; sourceTree = "<group>"; };
		4BE0F8D42BBC7F7A00557A80 /* SceneDelegate.swift */ = {isa = PBXFileReference; lastKnownFileType = sourcecode.swift; path = SceneDelegate.swift; sourceTree = "<group>"; };
		4BE0F8D62BBC7F7A00557A80 /* ViewController.swift */ = {isa = PBXFileReference; lastKnownFileType = sourcecode.swift; path = ViewController.swift; sourceTree = "<group>"; };
		4BE0F8DB2BBC7F7D00557A80 /* Assets.xcassets */ = {isa = PBXFileReference; lastKnownFileType = folder.assetcatalog; path = Assets.xcassets; sourceTree = "<group>"; };
		4BE0F8DE2BBC7F7D00557A80 /* Base */ = {isa = PBXFileReference; lastKnownFileType = file.storyboard; name = Base; path = Base.lproj/LaunchScreen.storyboard; sourceTree = "<group>"; };
		4BE0F8E02BBC7F7D00557A80 /* Info.plist */ = {isa = PBXFileReference; lastKnownFileType = text.plist.xml; path = Info.plist; sourceTree = "<group>"; };
		4BE0F8E52BBC7F7E00557A80 /* TestProjectTests.xctest */ = {isa = PBXFileReference; explicitFileType = wrapper.cfbundle; includeInIndex = 0; path = TestProjectTests.xctest; sourceTree = BUILT_PRODUCTS_DIR; };
		4BE0F8E92BBC7F7E00557A80 /* TestProjectTests.swift */ = {isa = PBXFileReference; lastKnownFileType = sourcecode.swift; path = TestProjectTests.swift; sourceTree = "<group>"; };
		4BE0F8EF2BBC7F7E00557A80 /* TestProjectUITests.xctest */ = {isa = PBXFileReference; explicitFileType = wrapper.cfbundle; includeInIndex = 0; path = TestProjectUITests.xctest; sourceTree = BUILT_PRODUCTS_DIR; };
		4BE0F8F32BBC7F7E00557A80 /* TestProjectUITests.swift */ = {isa = PBXFileReference; lastKnownFileType = sourcecode.swift; path = TestProjectUITests.swift; sourceTree = "<group>"; };
		4BE0F8F52BBC7F7E00557A80 /* TestProjectUITestsLaunchTests.swift */ = {isa = PBXFileReference; lastKnownFileType = sourcecode.swift; path = TestProjectUITestsLaunchTests.swift; sourceTree = "<group>"; };
		4BE0F9022BBC8A6900557A80 /* LoginViewController.swift */ = {isa = PBXFileReference; lastKnownFileType = sourcecode.swift; path = LoginViewController.swift; sourceTree = "<group>"; };
/* End PBXFileReference section */

/* Begin PBXFrameworksBuildPhase section */
		4BE0F8CC2BBC7F7A00557A80 /* Frameworks */ = {
			isa = PBXFrameworksBuildPhase;
			buildActionMask = 2147483647;
			files = (
			);
			runOnlyForDeploymentPostprocessing = 0;
		};
		4BE0F8E22BBC7F7E00557A80 /* Frameworks */ = {
			isa = PBXFrameworksBuildPhase;
			buildActionMask = 2147483647;
			files = (
			);
			runOnlyForDeploymentPostprocessing = 0;
		};
		4BE0F8EC2BBC7F7E00557A80 /* Frameworks */ = {
			isa = PBXFrameworksBuildPhase;
			buildActionMask = 2147483647;
			files = (
			);
			runOnlyForDeploymentPostprocessing = 0;
		};
/* End PBXFrameworksBuildPhase section */

/* Begin PBXGroup section */
		4BE0F8C62BBC7F7A00557A80 = {
			isa = PBXGroup;
			children = (
				4BE0F8D12BBC7F7A00557A80 /* TestProject */,
				4BE0F8E82BBC7F7E00557A80 /* TestProjectTests */,
				4BE0F8F22BBC7F7E00557A80 /* TestProjectUITests */,
				4BE0F8D02BBC7F7A00557A80 /* Products */,
			);
			sourceTree = "<group>";
		};
		4BE0F8D02BBC7F7A00557A80 /* Products */ = {
			isa = PBXGroup;
			children = (
				4BE0F8CF2BBC7F7A00557A80 /* TestProject.app */,
				4BE0F8E52BBC7F7E00557A80 /* TestProjectTests.xctest */,
				4BE0F8EF2BBC7F7E00557A80 /* TestProjectUITests.xctest */,
			);
			name = Products;
			sourceTree = "<group>";
		};
		4BE0F8D12BBC7F7A00557A80 /* TestProject */ = {
			isa = PBXGroup;
			children = (
				4BE0F8D22BBC7F7A00557A80 /* AppDelegate.swift */,
				4BE0F8D42BBC7F7A00557A80 /* SceneDelegate.swift */,
				4BE0F8D62BBC7F7A00557A80 /* ViewController.swift */,
				4BE0F9022BBC8A6900557A80 /* LoginViewController.swift */,
				4BE0F8DB2BBC7F7D00557A80 /* Assets.xcassets */,
				4BE0F8DD2BBC7F7D00557A80 /* LaunchScreen.storyboard */,
				4BE0F8E02BBC7F7D00557A80 /* Info.plist */,
			);
			path = TestProject;
			sourceTree = "<group>";
		};
		4BE0F8E82BBC7F7E00557A80 /* TestProjectTests */ = {
			isa = PBXGroup;
			children = (
				4BE0F8E92BBC7F7E00557A80 /* TestProjectTests.swift */,
			);
			path = TestProjectTests;
			sourceTree = "<group>";
		};
		4BE0F8F22BBC7F7E00557A80 /* TestProjectUITests */ = {
			isa = PBXGroup;
			children = (
				4BE0F8F32BBC7F7E00557A80 /* TestProjectUITests.swift */,
				4BE0F8F52BBC7F7E00557A80 /* TestProjectUITestsLaunchTests.swift */,
			);
			path = TestProjectUITests;
			sourceTree = "<group>";
		};
/* End PBXGroup section */

/* Begin PBXNativeTarget section */
		4BE0F8CE2BBC7F7A00557A80 /* TestProject */ = {
			isa = PBXNativeTarget;
			buildConfigurationList = 4BE0F8F92BBC7F7E00557A80 /* Build configuration list for PBXNativeTarget "TestProject" */;
			buildPhases = (
				4BE0F8CB2BBC7F7A00557A80 /* Sources */,
				4BE0F8CC2BBC7F7A00557A80 /* Frameworks */,
				4BE0F8CD2BBC7F7A00557A80 /* Resources */,
			);
			buildRules = (
			);
			dependencies = (
			);
			name = TestProject;
			productName = TestProject;
			productReference = 4BE0F8CF2BBC7F7A00557A80 /* TestProject.app */;
			productType = "com.apple.product-type.application";
		};
		4BE0F8E42BBC7F7E00557A80 /* TestProjectTests */ = {
			isa = PBXNativeTarget;
			buildConfigurationList = 4BE0F8FC2BBC7F7E00557A80 /* Build configuration list for PBXNativeTarget "TestProjectTests" */;
			buildPhases = (
				4BE0F8E12BBC7F7E00557A80 /* Sources */,
				4BE0F8E22BBC7F7E00557A80 /* Frameworks */,
				4BE0F8E32BBC7F7E00557A80 /* Resources */,
			);
			buildRules = (
			);
			dependencies = (
				4BE0F8E72BBC7F7E00557A80 /* PBXTargetDependency */,
			);
			name = TestProjectTests;
			productName = TestProjectTests;
			productReference = 4BE0F8E52BBC7F7E00557A80 /* TestProjectTests.xctest */;
			productType = "com.apple.product-type.bundle.unit-test";
		};
		4BE0F8EE2BBC7F7E00557A80 /* TestProjectUITests */ = {
			isa = PBXNativeTarget;
			buildConfigurationList = 4BE0F8FF2BBC7F7E00557A80 /* Build configuration list for PBXNativeTarget "TestProjectUITests" */;
			buildPhases = (
				4BE0F8EB2BBC7F7E00557A80 /* Sources */,
				4BE0F8EC2BBC7F7E00557A80 /* Frameworks */,
				4BE0F8ED2BBC7F7E00557A80 /* Resources */,
			);
			buildRules = (
			);
			dependencies = (
				4BE0F8F12BBC7F7E00557A80 /* PBXTargetDependency */,
			);
			name = TestProjectUITests;
			productName = TestProjectUITests;
			productReference = 4BE0F8EF2BBC7F7E00557A80 /* TestProjectUITests.xctest */;
			productType = "com.apple.product-type.bundle.ui-testing";
		};
/* End PBXNativeTarget section */

/* Begin PBXProject section */
		4BE0F8C72BBC7F7A00557A80 /* Project object */ = {
			isa = PBXProject;
			attributes = {
				BuildIndependentTargetsInParallel = 1;
				LastSwiftUpdateCheck = 1510;
				LastUpgradeCheck = 1510;
				TargetAttributes = {
					4BE0F8CE2BBC7F7A00557A80 = {
						CreatedOnToolsVersion = 15.1;
					};
					4BE0F8E42BBC7F7E00557A80 = {
						CreatedOnToolsVersion = 15.1;
						TestTargetID = 4BE0F8CE2BBC7F7A00557A80;
					};
					4BE0F8EE2BBC7F7E00557A80 = {
						CreatedOnToolsVersion = 15.1;
						TestTargetID = 4BE0F8CE2BBC7F7A00557A80;
					};
				};
			};
			buildConfigurationList = 4BE0F8CA2BBC7F7A00557A80 /* Build configuration list for PBXProject "TestProject" */;
			compatibilityVersion = "Xcode 14.0";
			developmentRegion = en;
			hasScannedForEncodings = 0;
			knownRegions = (
				en,
				Base,
			);
			mainGroup = 4BE0F8C62BBC7F7A00557A80;
			productRefGroup = 4BE0F8D02BBC7F7A00557A80 /* Products */;
			projectDirPath = "";
			projectRoot = "";
			targets = (
				4BE0F8CE2BBC7F7A00557A80 /* TestProject */,
				4BE0F8E42BBC7F7E00557A80 /* TestProjectTests */,
				4BE0F8EE2BBC7F7E00557A80 /* TestProjectUITests */,
			);
		};
/* End PBXProject section */

/* Begin PBXResourcesBuildPhase section */
		4BE0F8CD2BBC7F7A00557A80 /* Resources */ = {
			isa = PBXResourcesBuildPhase;
			buildActionMask = 2147483647;
			files = (
				4BE0F8DF2BBC7F7D00557A80 /* LaunchScreen.storyboard in Resources */,
				4BE0F8DC2BBC7F7D00557A80 /* Assets.xcassets in Resources */,
			);
			runOnlyForDeploymentPostprocessing = 0;
		};
		4BE0F8E32BBC7F7E00557A80 /* Resources */ = {
			isa = PBXResourcesBuildPhase;
			buildActionMask = 2147483647;
			files = (
			);
			runOnlyForDeploymentPostprocessing = 0;
		};
		4BE0F8ED2BBC7F7E00557A80 /* Resources */ = {
			isa = PBXResourcesBuildPhase;
			buildActionMask = 2147483647;
			files = (
			);
			runOnlyForDeploymentPostprocessing = 0;
		};
/* End PBXResourcesBuildPhase section */

/* Begin PBXSourcesBuildPhase section */
		4BE0F8CB2BBC7F7A00557A80 /* Sources */ = {
			isa = PBXSourcesBuildPhase;
			buildActionMask = 2147483647;
			files = (
				4BE0F8D72BBC7F7A00557A80 /* ViewController.swift in Sources */,
				4BE0F8D32BBC7F7A00557A80 /* AppDelegate.swift in Sources */,
				4BE0F8D52BBC7F7A00557A80 /* SceneDelegate.swift in Sources */,
				4BE0F9032BBC8A6900557A80 /* LoginViewController.swift in Sources */,
			);
			runOnlyForDeploymentPostprocessing = 0;
		};
		4BE0F8E12BBC7F7E00557A80 /* Sources */ = {
			isa = PBXSourcesBuildPhase;
			buildActionMask = 2147483647;
			files = (
				4BE0F8EA2BBC7F7E00557A80 /* TestProjectTests.swift in Sources */,
			);
			runOnlyForDeploymentPostprocessing = 0;
		};
		4BE0F8EB2BBC7F7E00557A80 /* Sources */ = {
			isa = PBXSourcesBuildPhase;
			buildActionMask = 2147483647;
			files = (
				4BE0F8F62BBC7F7E00557A80 /* TestProjectUITestsLaunchTests.swift in Sources */,
				4BE0F8F42BBC7F7E00557A80 /* TestProjectUITests.swift in Sources */,
			);
			runOnlyForDeploymentPostprocessing = 0;
		};
/* End PBXSourcesBuildPhase section */

/* Begin PBXTargetDependency section */
		4BE0F8E72BBC7F7E00557A80 /* PBXTargetDependency */ = {
			isa = PBXTargetDependency;
			target = 4BE0F8CE2BBC7F7A00557A80 /* TestProject */;
			targetProxy = 4BE0F8E62BBC7F7E00557A80 /* PBXContainerItemProxy */;
		};
		4BE0F8F12BBC7F7E00557A80 /* PBXTargetDependency */ = {
			isa = PBXTargetDependency;
			target = 4BE0F8CE2BBC7F7A00557A80 /* TestProject */;
			targetProxy = 4BE0F8F02BBC7F7E00557A80 /* PBXContainerItemProxy */;
		};
/* End PBXTargetDependency section */

/* Begin PBXVariantGroup section */
		4BE0F8DD2BBC7F7D00557A80 /* LaunchScreen.storyboard */ = {
			isa = PBXVariantGroup;
			children = (
				4BE0F8DE2BBC7F7D00557A80 /* Base */,
			);
			name = LaunchScreen.storyboard;
			sourceTree = "<group>";
		};
/* End PBXVariantGroup section */

/* Begin XCBuildConfiguration section */
		4BE0F8F72BBC7F7E00557A80 /* Debug */ = {
			isa = XCBuildConfiguration;
			buildSettings = {
				ALWAYS_SEARCH_USER_PATHS = NO;
				ASSETCATALOG_COMPILER_GENERATE_SWIFT_ASSET_SYMBOL_EXTENSIONS = YES;
				CLANG_ANALYZER_NONNULL = YES;
				CLANG_ANALYZER_NUMBER_OBJECT_CONVERSION = YES_AGGRESSIVE;
				CLANG_CXX_LANGUAGE_STANDARD = "gnu++20";
				CLANG_ENABLE_MODULES = YES;
				CLANG_ENABLE_OBJC_ARC = YES;
				CLANG_ENABLE_OBJC_WEAK = YES;
				CLANG_WARN_BLOCK_CAPTURE_AUTORELEASING = YES;
				CLANG_WARN_BOOL_CONVERSION = YES;
				CLANG_WARN_COMMA = YES;
				CLANG_WARN_CONSTANT_CONVERSION = YES;
				CLANG_WARN_DEPRECATED_OBJC_IMPLEMENTATIONS = YES;
				CLANG_WARN_DIRECT_OBJC_ISA_USAGE = YES_ERROR;
				CLANG_WARN_DOCUMENTATION_COMMENTS = YES;
				CLANG_WARN_EMPTY_BODY = YES;
				CLANG_WARN_ENUM_CONVERSION = YES;
				CLANG_WARN_INFINITE_RECURSION = YES;
				CLANG_WARN_INT_CONVERSION = YES;
				CLANG_WARN_NON_LITERAL_NULL_CONVERSION = YES;
				CLANG_WARN_OBJC_IMPLICIT_RETAIN_SELF = YES;
				CLANG_WARN_OBJC_LITERAL_CONVERSION = YES;
				CLANG_WARN_OBJC_ROOT_CLASS = YES_ERROR;
				CLANG_WARN_QUOTED_INCLUDE_IN_FRAMEWORK_HEADER = YES;
				CLANG_WARN_RANGE_LOOP_ANALYSIS = YES;
				CLANG_WARN_STRICT_PROTOTYPES = YES;
				CLANG_WARN_SUSPICIOUS_MOVE = YES;
				CLANG_WARN_UNGUARDED_AVAILABILITY = YES_AGGRESSIVE;
				CLANG_WARN_UNREACHABLE_CODE = YES;
				CLANG_WARN__DUPLICATE_METHOD_MATCH = YES;
				COPY_PHASE_STRIP = NO;
				DEBUG_INFORMATION_FORMAT = dwarf;
				ENABLE_STRICT_OBJC_MSGSEND = YES;
				ENABLE_TESTABILITY = YES;
				ENABLE_USER_SCRIPT_SANDBOXING = YES;
				GCC_C_LANGUAGE_STANDARD = gnu17;
				GCC_DYNAMIC_NO_PIC = NO;
				GCC_NO_COMMON_BLOCKS = YES;
				GCC_OPTIMIZATION_LEVEL = 0;
				GCC_PREPROCESSOR_DEFINITIONS = (
					"DEBUG=1",
					"$(inherited)",
				);
				GCC_WARN_64_TO_32_BIT_CONVERSION = YES;
				GCC_WARN_ABOUT_RETURN_TYPE = YES_ERROR;
				GCC_WARN_UNDECLARED_SELECTOR = YES;
				GCC_WARN_UNINITIALIZED_AUTOS = YES_AGGRESSIVE;
				GCC_WARN_UNUSED_FUNCTION = YES;
				GCC_WARN_UNUSED_VARIABLE = YES;
				IPHONEOS_DEPLOYMENT_TARGET = 17.2;
				LOCALIZATION_PREFERS_STRING_CATALOGS = YES;
				MTL_ENABLE_DEBUG_INFO = INCLUDE_SOURCE;
				MTL_FAST_MATH = YES;
				ONLY_ACTIVE_ARCH = YES;
				SDKROOT = iphoneos;
				SWIFT_ACTIVE_COMPILATION_CONDITIONS = "DEBUG $(inherited)";
				SWIFT_OPTIMIZATION_LEVEL = "-Onone";
			};
			name = Debug;
		};
		4BE0F8F82BBC7F7E00557A80 /* Release */ = {
			isa = XCBuildConfiguration;
			buildSettings = {
				ALWAYS_SEARCH_USER_PATHS = NO;
				ASSETCATALOG_COMPILER_GENERATE_SWIFT_ASSET_SYMBOL_EXTENSIONS = YES;
				CLANG_ANALYZER_NONNULL = YES;
				CLANG_ANALYZER_NUMBER_OBJECT_CONVERSION = YES_AGGRESSIVE;
				CLANG_CXX_LANGUAGE_STANDARD = "gnu++20";
				CLANG_ENABLE_MODULES = YES;
				CLANG_ENABLE_OBJC_ARC = YES;
				CLANG_ENABLE_OBJC_WEAK = YES;
				CLANG_WARN_BLOCK_CAPTURE_AUTORELEASING = YES;
				CLANG_WARN_BOOL_CONVERSION = YES;
				CLANG_WARN_COMMA = YES;
				CLANG_WARN_CONSTANT_CONVERSION = YES;
				CLANG_WARN_DEPRECATED_OBJC_IMPLEMENTATIONS = YES;
				CLANG_WARN_DIRECT_OBJC_ISA_USAGE = YES_ERROR;
				CLANG_WARN_DOCUMENTATION_COMMENTS = YES;
				CLANG_WARN_EMPTY_BODY = YES;
				CLANG_WARN_ENUM_CONVERSION = YES;
				CLANG_WARN_INFINITE_RECURSION = YES;
				CLANG_WARN_INT_CONVERSION = YES;
				CLANG_WARN_NON_LITERAL_NULL_CONVERSION = YES;
				CLANG_WARN_OBJC_IMPLICIT_RETAIN_SELF = YES;
				CLANG_WARN_OBJC_LITERAL_CONVERSION = YES;
				CLANG_WARN_OBJC_ROOT_CLASS = YES_ERROR;
				CLANG_WARN_QUOTED_INCLUDE_IN_FRAMEWORK_HEADER = YES;
				CLANG_WARN_RANGE_LOOP_ANALYSIS = YES;
				CLANG_WARN_STRICT_PROTOTYPES = YES;
				CLANG_WARN_SUSPICIOUS_MOVE = YES;
				CLANG_WARN_UNGUARDED_AVAILABILITY = YES_AGGRESSIVE;
				CLANG_WARN_UNREACHABLE_CODE = YES;
				CLANG_WARN__DUPLICATE_METHOD_MATCH = YES;
				COPY_PHASE_STRIP = NO;
				DEBUG_INFORMATION_FORMAT = "dwarf-with-dsym";
				ENABLE_NS_ASSERTIONS = NO;
				ENABLE_STRICT_OBJC_MSGSEND = YES;
				ENABLE_USER_SCRIPT_SANDBOXING = YES;
				GCC_C_LANGUAGE_STANDARD = gnu17;
				GCC_NO_COMMON_BLOCKS = YES;
				GCC_WARN_64_TO_32_BIT_CONVERSION = YES;
				GCC_WARN_ABOUT_RETURN_TYPE = YES_ERROR;
				GCC_WARN_UNDECLARED_SELECTOR = YES;
				GCC_WARN_UNINITIALIZED_AUTOS = YES_AGGRESSIVE;
				GCC_WARN_UNUSED_FUNCTION = YES;
				GCC_WARN_UNUSED_VARIABLE = YES;
				IPHONEOS_DEPLOYMENT_TARGET = 17.2;
				LOCALIZATION_PREFERS_STRING_CATALOGS = YES;
				MTL_ENABLE_DEBUG_INFO = NO;
				MTL_FAST_MATH = YES;
				SDKROOT = iphoneos;
				SWIFT_COMPILATION_MODE = wholemodule;
				VALIDATE_PRODUCT = YES;
			};
			name = Release;
		};
		4BE0F8FA2BBC7F7E00557A80 /* Debug */ = {
			isa = XCBuildConfiguration;
			buildSettings = {
				ASSETCATALOG_COMPILER_APPICON_NAME = AppIcon;
				ASSETCATALOG_COMPILER_GLOBAL_ACCENT_COLOR_NAME = AccentColor;
				CODE_SIGN_STYLE = Automatic;
				CURRENT_PROJECT_VERSION = 1;
				GENERATE_INFOPLIST_FILE = YES;
				INFOPLIST_FILE = TestProject/Info.plist;
				INFOPLIST_KEY_UIApplicationSupportsIndirectInputEvents = YES;
				INFOPLIST_KEY_UILaunchStoryboardName = LaunchScreen;
				INFOPLIST_KEY_UISupportedInterfaceOrientations_iPad = "UIInterfaceOrientationPortrait UIInterfaceOrientationPortraitUpsideDown UIInterfaceOrientationLandscapeLeft UIInterfaceOrientationLandscapeRight";
				INFOPLIST_KEY_UISupportedInterfaceOrientations_iPhone = "UIInterfaceOrientationPortrait UIInterfaceOrientationLandscapeLeft UIInterfaceOrientationLandscapeRight";
				LD_RUNPATH_SEARCH_PATHS = (
					"$(inherited)",
					"@executable_path/Frameworks",
				);
				MARKETING_VERSION = 1.0;
				PRODUCT_BUNDLE_IDENTIFIER = shamil.aglarov.TestProject;
				PRODUCT_NAME = "$(TARGET_NAME)";
				SWIFT_EMIT_LOC_STRINGS = YES;
				SWIFT_VERSION = 5.0;
				TARGETED_DEVICE_FAMILY = "1,2";
			};
			name = Debug;
		};
		4BE0F8FB2BBC7F7E00557A80 /* Release */ = {
			isa = XCBuildConfiguration;
			buildSettings = {
				ASSETCATALOG_COMPILER_APPICON_NAME = AppIcon;
				ASSETCATALOG_COMPILER_GLOBAL_ACCENT_COLOR_NAME = AccentColor;
				CODE_SIGN_STYLE = Automatic;
				CURRENT_PROJECT_VERSION = 1;
				GENERATE_INFOPLIST_FILE = YES;
				INFOPLIST_FILE = TestProject/Info.plist;
				INFOPLIST_KEY_UIApplicationSupportsIndirectInputEvents = YES;
				INFOPLIST_KEY_UILaunchStoryboardName = LaunchScreen;
				INFOPLIST_KEY_UISupportedInterfaceOrientations_iPad = "UIInterfaceOrientationPortrait UIInterfaceOrientationPortraitUpsideDown UIInterfaceOrientationLandscapeLeft UIInterfaceOrientationLandscapeRight";
				INFOPLIST_KEY_UISupportedInterfaceOrientations_iPhone = "UIInterfaceOrientationPortrait UIInterfaceOrientationLandscapeLeft UIInterfaceOrientationLandscapeRight";
				LD_RUNPATH_SEARCH_PATHS = (
					"$(inherited)",
					"@executable_path/Frameworks",
				);
				MARKETING_VERSION = 1.0;
				PRODUCT_BUNDLE_IDENTIFIER = shamil.aglarov.TestProject;
				PRODUCT_NAME = "$(TARGET_NAME)";
				SWIFT_EMIT_LOC_STRINGS = YES;
				SWIFT_VERSION = 5.0;
				TARGETED_DEVICE_FAMILY = "1,2";
			};
			name = Release;
		};
		4BE0F8FD2BBC7F7E00557A80 /* Debug */ = {
			isa = XCBuildConfiguration;
			buildSettings = {
				ALWAYS_EMBED_SWIFT_STANDARD_LIBRARIES = YES;
				BUNDLE_LOADER = "$(TEST_HOST)";
				CODE_SIGN_STYLE = Automatic;
				CURRENT_PROJECT_VERSION = 1;
				GENERATE_INFOPLIST_FILE = YES;
				IPHONEOS_DEPLOYMENT_TARGET = 17.2;
				MARKETING_VERSION = 1.0;
				PRODUCT_BUNDLE_IDENTIFIER = shamil.aglarov.TestProjectTests;
				PRODUCT_NAME = "$(TARGET_NAME)";
				SWIFT_EMIT_LOC_STRINGS = NO;
				SWIFT_VERSION = 5.0;
				TARGETED_DEVICE_FAMILY = "1,2";
				TEST_HOST = "$(BUILT_PRODUCTS_DIR)/TestProject.app/$(BUNDLE_EXECUTABLE_FOLDER_PATH)/TestProject";
			};
			name = Debug;
		};
		4BE0F8FE2BBC7F7E00557A80 /* Release */ = {
			isa = XCBuildConfiguration;
			buildSettings = {
				ALWAYS_EMBED_SWIFT_STANDARD_LIBRARIES = YES;
				BUNDLE_LOADER = "$(TEST_HOST)";
				CODE_SIGN_STYLE = Automatic;
				CURRENT_PROJECT_VERSION = 1;
				GENERATE_INFOPLIST_FILE = YES;
				IPHONEOS_DEPLOYMENT_TARGET = 17.2;
				MARKETING_VERSION = 1.0;
				PRODUCT_BUNDLE_IDENTIFIER = shamil.aglarov.TestProjectTests;
				PRODUCT_NAME = "$(TARGET_NAME)";
				SWIFT_EMIT_LOC_STRINGS = NO;
				SWIFT_VERSION = 5.0;
				TARGETED_DEVICE_FAMILY = "1,2";
				TEST_HOST = "$(BUILT_PRODUCTS_DIR)/TestProject.app/$(BUNDLE_EXECUTABLE_FOLDER_PATH)/TestProject";
			};
			name = Release;
		};
		4BE0F9002BBC7F7E00557A80 /* Debug */ = {
			isa = XCBuildConfiguration;
			buildSettings = {
				ALWAYS_EMBED_SWIFT_STANDARD_LIBRARIES = YES;
				CODE_SIGN_STYLE = Automatic;
				CURRENT_PROJECT_VERSION = 1;
				GENERATE_INFOPLIST_FILE = YES;
				MARKETING_VERSION = 1.0;
				PRODUCT_BUNDLE_IDENTIFIER = shamil.aglarov.TestProjectUITests;
				PRODUCT_NAME = "$(TARGET_NAME)";
				SWIFT_EMIT_LOC_STRINGS = NO;
				SWIFT_VERSION = 5.0;
				TARGETED_DEVICE_FAMILY = "1,2";
				TEST_TARGET_NAME = TestProject;
			};
			name = Debug;
		};
		4BE0F9012BBC7F7E00557A80 /* Release */ = {
			isa = XCBuildConfiguration;
			buildSettings = {
				ALWAYS_EMBED_SWIFT_STANDARD_LIBRARIES = YES;
				CODE_SIGN_STYLE = Automatic;
				CURRENT_PROJECT_VERSION = 1;
				GENERATE_INFOPLIST_FILE = YES;
				MARKETING_VERSION = 1.0;
				PRODUCT_BUNDLE_IDENTIFIER = shamil.aglarov.TestProjectUITests;
				PRODUCT_NAME = "$(TARGET_NAME)";
				SWIFT_EMIT_LOC_STRINGS = NO;
				SWIFT_VERSION = 5.0;
				TARGETED_DEVICE_FAMILY = "1,2";
				TEST_TARGET_NAME = TestProject;
			};
			name = Release;
		};
/* End XCBuildConfiguration section */

/* Begin XCConfigurationList section */
		4BE0F8CA2BBC7F7A00557A80 /* Build configuration list for PBXProject "TestProject" */ = {
			isa = XCConfigurationList;
			buildConfigurations = (
				4BE0F8F72BBC7F7E00557A80 /* Debug */,
				4BE0F8F82BBC7F7E00557A80 /* Release */,
			);
			defaultConfigurationIsVisible = 0;
			defaultConfigurationName = Release;
		};
		4BE0F8F92BBC7F7E00557A80 /* Build configuration list for PBXNativeTarget "TestProject" */ = {
			isa = XCConfigurationList;
			buildConfigurations = (
				4BE0F8FA2BBC7F7E00557A80 /* Debug */,
				4BE0F8FB2BBC7F7E00557A80 /* Release */,
			);
			defaultConfigurationIsVisible = 0;
			defaultConfigurationName = Release;
		};
		4BE0F8FC2BBC7F7E00557A80 /* Build configuration list for PBXNativeTarget "TestProjectTests" */ = {
			isa = XCConfigurationList;
			buildConfigurations = (
				4BE0F8FD2BBC7F7E00557A80 /* Debug */,
				4BE0F8FE2BBC7F7E00557A80 /* Release */,
			);
			defaultConfigurationIsVisible = 0;
			defaultConfigurationName = Release;
		};
		4BE0F8FF2BBC7F7E00557A80 /* Build configuration list for PBXNativeTarget "TestProjectUITests" */ = {
			isa = XCConfigurationList;
			buildConfigurations = (
				4BE0F9002BBC7F7E00557A80 /* Debug */,
				4BE0F9012BBC7F7E00557A80 /* Release */,
			);
			defaultConfigurationIsVisible = 0;
			defaultConfigurationName = Release;
		};
/* End XCConfigurationList section */
	};
	rootObject = 4BE0F8C72BBC7F7A00557A80 /* Project object */;
}
